
Microsoft Visual Studio Solution File, Format Version 12.00
# Visual Studio Version 16
VisualStudioVersion = 16.0.30406.217
MinimumVisualStudioVersion = 10.0.40219.1
Project("{9A19103F-16F7-4668-BE54-9A1E7A4F7556}") = "ConsolePlayground", "ConsolePlayground\ConsolePlayground.csproj", "{19A1095E-BCF6-436E-B4D5-1EA69BF0863F}"
EndProject
Project("{9A19103F-16F7-4668-BE54-9A1E7A4F7556}") = "HistoryHandLoader", "HistoryHandLoader\HistoryHandLoader.csproj", "{76182383-0448-41EC-A2CA-2E6F678DEE41}"
EndProject
Project("{9A19103F-16F7-4668-BE54-9A1E7A4F7556}") = "PokerApp.Data", "PokerApp.Data\PokerApp.Data.csproj", "{989A057D-032D-46A7-9E20-0A1865E105BA}"
EndProject
Project("{9A19103F-16F7-4668-BE54-9A1E7A4F7556}") = "PokerApp.Domain", "PokerApp.Domain\PokerApp.Domain.csproj", "{2424DBA8-BD27-48D4-9DCE-BEB27FF32C84}"
EndProject
Project("{9A19103F-16F7-4668-BE54-9A1E7A4F7556}") = "FileWatcherService", "FileWatcherService\FileWatcherService.csproj", "{CCA0E090-D9F8-46E0-9A22-DBFE82B4B64B}"
EndProject
Project("{9A19103F-16F7-4668-BE54-9A1E7A4F7556}") = "PokerAppUI", "PokerAppUI\PokerAppUI.csproj", "{06C50F74-2ADD-4B5B-BAAA-88A7F2DD8D78}"
EndProject
Project("{9A19103F-16F7-4668-BE54-9A1E7A4F7556}") = "PokerAppML.Model", "PokerAppML.Model\PokerAppML.Model.csproj", "{23CA64F3-90CF-4750-B34D-4613B8A7C9B3}"
EndProject
Project("{9A19103F-16F7-4668-BE54-9A1E7A4F7556}") = "PokerAppML.ConsoleApp", "PokerAppML.ConsoleApp\PokerAppML.ConsoleApp.csproj", "{F147CC31-CB3D-419B-ADA5-B98517CD1098}"
EndProject
Global
	GlobalSection(SolutionConfigurationPlatforms) = preSolution
		Debug|Any CPU = Debug|Any CPU
		Debug|ARM = Debug|ARM
		Debug|ARM64 = Debug|ARM64
		Debug|x64 = Debug|x64
		Debug|x86 = Debug|x86
		Release|Any CPU = Release|Any CPU
		Release|ARM = Release|ARM
		Release|ARM64 = Release|ARM64
		Release|x64 = Release|x64
		Release|x86 = Release|x86
	EndGlobalSection
	GlobalSection(ProjectConfigurationPlatforms) = postSolution
		{19A1095E-BCF6-436E-B4D5-1EA69BF0863F}.Debug|Any CPU.ActiveCfg = Debug|Any CPU
		{19A1095E-BCF6-436E-B4D5-1EA69BF0863F}.Debug|Any CPU.Build.0 = Debug|Any CPU
		{19A1095E-BCF6-436E-B4D5-1EA69BF0863F}.Debug|ARM.ActiveCfg = Debug|Any CPU
		{19A1095E-BCF6-436E-B4D5-1EA69BF0863F}.Debug|ARM.Build.0 = Debug|Any CPU
		{19A1095E-BCF6-436E-B4D5-1EA69BF0863F}.Debug|ARM64.ActiveCfg = Debug|Any CPU
		{19A1095E-BCF6-436E-B4D5-1EA69BF0863F}.Debug|ARM64.Build.0 = Debug|Any CPU
		{19A1095E-BCF6-436E-B4D5-1EA69BF0863F}.Debug|x64.ActiveCfg = Debug|Any CPU
		{19A1095E-BCF6-436E-B4D5-1EA69BF0863F}.Debug|x64.Build.0 = Debug|Any CPU
		{19A1095E-BCF6-436E-B4D5-1EA69BF0863F}.Debug|x86.ActiveCfg = Debug|Any CPU
		{19A1095E-BCF6-436E-B4D5-1EA69BF0863F}.Debug|x86.Build.0 = Debug|Any CPU
		{19A1095E-BCF6-436E-B4D5-1EA69BF0863F}.Release|Any CPU.ActiveCfg = Release|Any CPU
		{19A1095E-BCF6-436E-B4D5-1EA69BF0863F}.Release|Any CPU.Build.0 = Release|Any CPU
		{19A1095E-BCF6-436E-B4D5-1EA69BF0863F}.Release|ARM.ActiveCfg = Release|Any CPU
		{19A1095E-BCF6-436E-B4D5-1EA69BF0863F}.Release|ARM.Build.0 = Release|Any CPU
		{19A1095E-BCF6-436E-B4D5-1EA69BF0863F}.Release|ARM64.ActiveCfg = Release|Any CPU
		{19A1095E-BCF6-436E-B4D5-1EA69BF0863F}.Release|ARM64.Build.0 = Release|Any CPU
		{19A1095E-BCF6-436E-B4D5-1EA69BF0863F}.Release|x64.ActiveCfg = Release|Any CPU
		{19A1095E-BCF6-436E-B4D5-1EA69BF0863F}.Release|x64.Build.0 = Release|Any CPU
		{19A1095E-BCF6-436E-B4D5-1EA69BF0863F}.Release|x86.ActiveCfg = Release|Any CPU
		{19A1095E-BCF6-436E-B4D5-1EA69BF0863F}.Release|x86.Build.0 = Release|Any CPU
		{76182383-0448-41EC-A2CA-2E6F678DEE41}.Debug|Any CPU.ActiveCfg = Debug|Any CPU
		{76182383-0448-41EC-A2CA-2E6F678DEE41}.Debug|Any CPU.Build.0 = Debug|Any CPU
		{76182383-0448-41EC-A2CA-2E6F678DEE41}.Debug|ARM.ActiveCfg = Debug|Any CPU
		{76182383-0448-41EC-A2CA-2E6F678DEE41}.Debug|ARM.Build.0 = Debug|Any CPU
		{76182383-0448-41EC-A2CA-2E6F678DEE41}.Debug|ARM64.ActiveCfg = Debug|Any CPU
		{76182383-0448-41EC-A2CA-2E6F678DEE41}.Debug|ARM64.Build.0 = Debug|Any CPU
		{76182383-0448-41EC-A2CA-2E6F678DEE41}.Debug|x64.ActiveCfg = Debug|Any CPU
		{76182383-0448-41EC-A2CA-2E6F678DEE41}.Debug|x64.Build.0 = Debug|Any CPU
		{76182383-0448-41EC-A2CA-2E6F678DEE41}.Debug|x86.ActiveCfg = Debug|Any CPU
		{76182383-0448-41EC-A2CA-2E6F678DEE41}.Debug|x86.Build.0 = Debug|Any CPU
		{76182383-0448-41EC-A2CA-2E6F678DEE41}.Release|Any CPU.ActiveCfg = Release|Any CPU
		{76182383-0448-41EC-A2CA-2E6F678DEE41}.Release|Any CPU.Build.0 = Release|Any CPU
		{76182383-0448-41EC-A2CA-2E6F678DEE41}.Release|ARM.ActiveCfg = Release|Any CPU
		{76182383-0448-41EC-A2CA-2E6F678DEE41}.Release|ARM.Build.0 = Release|Any CPU
		{76182383-0448-41EC-A2CA-2E6F678DEE41}.Release|ARM64.ActiveCfg = Release|Any CPU
		{76182383-0448-41EC-A2CA-2E6F678DEE41}.Release|ARM64.Build.0 = Release|Any CPU
		{76182383-0448-41EC-A2CA-2E6F678DEE41}.Release|x64.ActiveCfg = Release|Any CPU
		{76182383-0448-41EC-A2CA-2E6F678DEE41}.Release|x64.Build.0 = Release|Any CPU
		{76182383-0448-41EC-A2CA-2E6F678DEE41}.Release|x86.ActiveCfg = Release|Any CPU
		{76182383-0448-41EC-A2CA-2E6F678DEE41}.Release|x86.Build.0 = Release|Any CPU
		{989A057D-032D-46A7-9E20-0A1865E105BA}.Debug|Any CPU.ActiveCfg = Debug|Any CPU
		{989A057D-032D-46A7-9E20-0A1865E105BA}.Debug|Any CPU.Build.0 = Debug|Any CPU
		{989A057D-032D-46A7-9E20-0A1865E105BA}.Debug|ARM.ActiveCfg = Debug|Any CPU
		{989A057D-032D-46A7-9E20-0A1865E105BA}.Debug|ARM.Build.0 = Debug|Any CPU
		{989A057D-032D-46A7-9E20-0A1865E105BA}.Debug|ARM64.ActiveCfg = Debug|Any CPU
		{989A057D-032D-46A7-9E20-0A1865E105BA}.Debug|ARM64.Build.0 = Debug|Any CPU
		{989A057D-032D-46A7-9E20-0A1865E105BA}.Debug|x64.ActiveCfg = Debug|Any CPU
		{989A057D-032D-46A7-9E20-0A1865E105BA}.Debug|x64.Build.0 = Debug|Any CPU
		{989A057D-032D-46A7-9E20-0A1865E105BA}.Debug|x86.ActiveCfg = Debug|Any CPU
		{989A057D-032D-46A7-9E20-0A1865E105BA}.Debug|x86.Build.0 = Debug|Any CPU
		{989A057D-032D-46A7-9E20-0A1865E105BA}.Release|Any CPU.ActiveCfg = Release|Any CPU
		{989A057D-032D-46A7-9E20-0A1865E105BA}.Release|Any CPU.Build.0 = Release|Any CPU
		{989A057D-032D-46A7-9E20-0A1865E105BA}.Release|ARM.ActiveCfg = Release|Any CPU
		{989A057D-032D-46A7-9E20-0A1865E105BA}.Release|ARM.Build.0 = Release|Any CPU
		{989A057D-032D-46A7-9E20-0A1865E105BA}.Release|ARM64.ActiveCfg = Release|Any CPU
		{989A057D-032D-46A7-9E20-0A1865E105BA}.Release|ARM64.Build.0 = Release|Any CPU
		{989A057D-032D-46A7-9E20-0A1865E105BA}.Release|x64.ActiveCfg = Release|Any CPU
		{989A057D-032D-46A7-9E20-0A1865E105BA}.Release|x64.Build.0 = Release|Any CPU
		{989A057D-032D-46A7-9E20-0A1865E105BA}.Release|x86.ActiveCfg = Release|Any CPU
		{989A057D-032D-46A7-9E20-0A1865E105BA}.Release|x86.Build.0 = Release|Any CPU
		{2424DBA8-BD27-48D4-9DCE-BEB27FF32C84}.Debug|Any CPU.ActiveCfg = Debug|Any CPU
		{2424DBA8-BD27-48D4-9DCE-BEB27FF32C84}.Debug|Any CPU.Build.0 = Debug|Any CPU
		{2424DBA8-BD27-48D4-9DCE-BEB27FF32C84}.Debug|ARM.ActiveCfg = Debug|Any CPU
		{2424DBA8-BD27-48D4-9DCE-BEB27FF32C84}.Debug|ARM.Build.0 = Debug|Any CPU
		{2424DBA8-BD27-48D4-9DCE-BEB27FF32C84}.Debug|ARM64.ActiveCfg = Debug|Any CPU
		{2424DBA8-BD27-48D4-9DCE-BEB27FF32C84}.Debug|ARM64.Build.0 = Debug|Any CPU
		{2424DBA8-BD27-48D4-9DCE-BEB27FF32C84}.Debug|x64.ActiveCfg = Debug|Any CPU
		{2424DBA8-BD27-48D4-9DCE-BEB27FF32C84}.Debug|x64.Build.0 = Debug|Any CPU
		{2424DBA8-BD27-48D4-9DCE-BEB27FF32C84}.Debug|x86.ActiveCfg = Debug|Any CPU
		{2424DBA8-BD27-48D4-9DCE-BEB27FF32C84}.Debug|x86.Build.0 = Debug|Any CPU
		{2424DBA8-BD27-48D4-9DCE-BEB27FF32C84}.Release|Any CPU.ActiveCfg = Release|Any CPU
		{2424DBA8-BD27-48D4-9DCE-BEB27FF32C84}.Release|Any CPU.Build.0 = Release|Any CPU
		{2424DBA8-BD27-48D4-9DCE-BEB27FF32C84}.Release|ARM.ActiveCfg = Release|Any CPU
		{2424DBA8-BD27-48D4-9DCE-BEB27FF32C84}.Release|ARM.Build.0 = Release|Any CPU
		{2424DBA8-BD27-48D4-9DCE-BEB27FF32C84}.Release|ARM64.ActiveCfg = Release|Any CPU
		{2424DBA8-BD27-48D4-9DCE-BEB27FF32C84}.Release|ARM64.Build.0 = Release|Any CPU
		{2424DBA8-BD27-48D4-9DCE-BEB27FF32C84}.Release|x64.ActiveCfg = Release|Any CPU
		{2424DBA8-BD27-48D4-9DCE-BEB27FF32C84}.Release|x64.Build.0 = Release|Any CPU
		{2424DBA8-BD27-48D4-9DCE-BEB27FF32C84}.Release|x86.ActiveCfg = Release|Any CPU
		{2424DBA8-BD27-48D4-9DCE-BEB27FF32C84}.Release|x86.Build.0 = Release|Any CPU
		{CCA0E090-D9F8-46E0-9A22-DBFE82B4B64B}.Debug|Any CPU.ActiveCfg = Debug|Any CPU
		{CCA0E090-D9F8-46E0-9A22-DBFE82B4B64B}.Debug|Any CPU.Build.0 = Debug|Any CPU
		{CCA0E090-D9F8-46E0-9A22-DBFE82B4B64B}.Debug|ARM.ActiveCfg = Debug|Any CPU
		{CCA0E090-D9F8-46E0-9A22-DBFE82B4B64B}.Debug|ARM.Build.0 = Debug|Any CPU
		{CCA0E090-D9F8-46E0-9A22-DBFE82B4B64B}.Debug|ARM64.ActiveCfg = Debug|Any CPU
		{CCA0E090-D9F8-46E0-9A22-DBFE82B4B64B}.Debug|ARM64.Build.0 = Debug|Any CPU
		{CCA0E090-D9F8-46E0-9A22-DBFE82B4B64B}.Debug|x64.ActiveCfg = Debug|Any CPU
		{CCA0E090-D9F8-46E0-9A22-DBFE82B4B64B}.Debug|x64.Build.0 = Debug|Any CPU
		{CCA0E090-D9F8-46E0-9A22-DBFE82B4B64B}.Debug|x86.ActiveCfg = Debug|Any CPU
		{CCA0E090-D9F8-46E0-9A22-DBFE82B4B64B}.Debug|x86.Build.0 = Debug|Any CPU
		{CCA0E090-D9F8-46E0-9A22-DBFE82B4B64B}.Release|Any CPU.ActiveCfg = Release|Any CPU
		{CCA0E090-D9F8-46E0-9A22-DBFE82B4B64B}.Release|Any CPU.Build.0 = Release|Any CPU
		{CCA0E090-D9F8-46E0-9A22-DBFE82B4B64B}.Release|ARM.ActiveCfg = Release|Any CPU
		{CCA0E090-D9F8-46E0-9A22-DBFE82B4B64B}.Release|ARM.Build.0 = Release|Any CPU
		{CCA0E090-D9F8-46E0-9A22-DBFE82B4B64B}.Release|ARM64.ActiveCfg = Release|Any CPU
		{CCA0E090-D9F8-46E0-9A22-DBFE82B4B64B}.Release|ARM64.Build.0 = Release|Any CPU
		{CCA0E090-D9F8-46E0-9A22-DBFE82B4B64B}.Release|x64.ActiveCfg = Release|Any CPU
		{CCA0E090-D9F8-46E0-9A22-DBFE82B4B64B}.Release|x64.Build.0 = Release|Any CPU
		{CCA0E090-D9F8-46E0-9A22-DBFE82B4B64B}.Release|x86.ActiveCfg = Release|Any CPU
		{CCA0E090-D9F8-46E0-9A22-DBFE82B4B64B}.Release|x86.Build.0 = Release|Any CPU
		{06C50F74-2ADD-4B5B-BAAA-88A7F2DD8D78}.Debug|Any CPU.ActiveCfg = Debug|Any CPU
		{06C50F74-2ADD-4B5B-BAAA-88A7F2DD8D78}.Debug|Any CPU.Build.0 = Debug|Any CPU
		{06C50F74-2ADD-4B5B-BAAA-88A7F2DD8D78}.Debug|ARM.ActiveCfg = Debug|Any CPU
		{06C50F74-2ADD-4B5B-BAAA-88A7F2DD8D78}.Debug|ARM.Build.0 = Debug|Any CPU
		{06C50F74-2ADD-4B5B-BAAA-88A7F2DD8D78}.Debug|ARM64.ActiveCfg = Debug|Any CPU
		{06C50F74-2ADD-4B5B-BAAA-88A7F2DD8D78}.Debug|ARM64.Build.0 = Debug|Any CPU
		{06C50F74-2ADD-4B5B-BAAA-88A7F2DD8D78}.Debug|x64.ActiveCfg = Debug|Any CPU
		{06C50F74-2ADD-4B5B-BAAA-88A7F2DD8D78}.Debug|x64.Build.0 = Debug|Any CPU
		{06C50F74-2ADD-4B5B-BAAA-88A7F2DD8D78}.Debug|x86.ActiveCfg = Debug|Any CPU
		{06C50F74-2ADD-4B5B-BAAA-88A7F2DD8D78}.Debug|x86.Build.0 = Debug|Any CPU
		{06C50F74-2ADD-4B5B-BAAA-88A7F2DD8D78}.Release|Any CPU.ActiveCfg = Release|Any CPU
		{06C50F74-2ADD-4B5B-BAAA-88A7F2DD8D78}.Release|Any CPU.Build.0 = Release|Any CPU
		{06C50F74-2ADD-4B5B-BAAA-88A7F2DD8D78}.Release|ARM.ActiveCfg = Release|Any CPU
		{06C50F74-2ADD-4B5B-BAAA-88A7F2DD8D78}.Release|ARM.Build.0 = Release|Any CPU
		{06C50F74-2ADD-4B5B-BAAA-88A7F2DD8D78}.Release|ARM64.ActiveCfg = Release|Any CPU
		{06C50F74-2ADD-4B5B-BAAA-88A7F2DD8D78}.Release|ARM64.Build.0 = Release|Any CPU
		{06C50F74-2ADD-4B5B-BAAA-88A7F2DD8D78}.Release|x64.ActiveCfg = Release|Any CPU
		{06C50F74-2ADD-4B5B-BAAA-88A7F2DD8D78}.Release|x64.Build.0 = Release|Any CPU
		{06C50F74-2ADD-4B5B-BAAA-88A7F2DD8D78}.Release|x86.ActiveCfg = Release|Any CPU
		{06C50F74-2ADD-4B5B-BAAA-88A7F2DD8D78}.Release|x86.Build.0 = Release|Any CPU
		{23CA64F3-90CF-4750-B34D-4613B8A7C9B3}.Debug|Any CPU.ActiveCfg = Debug|Any CPU
		{23CA64F3-90CF-4750-B34D-4613B8A7C9B3}.Debug|Any CPU.Build.0 = Debug|Any CPU
		{23CA64F3-90CF-4750-B34D-4613B8A7C9B3}.Debug|ARM.ActiveCfg = Debug|Any CPU
		{23CA64F3-90CF-4750-B34D-4613B8A7C9B3}.Debug|ARM.Build.0 = Debug|Any CPU
		{23CA64F3-90CF-4750-B34D-4613B8A7C9B3}.Debug|ARM64.ActiveCfg = Debug|Any CPU
		{23CA64F3-90CF-4750-B34D-4613B8A7C9B3}.Debug|ARM64.Build.0 = Debug|Any CPU
		{23CA64F3-90CF-4750-B34D-4613B8A7C9B3}.Debug|x64.ActiveCfg = Debug|Any CPU
		{23CA64F3-90CF-4750-B34D-4613B8A7C9B3}.Debug|x64.Build.0 = Debug|Any CPU
		{23CA64F3-90CF-4750-B34D-4613B8A7C9B3}.Debug|x86.ActiveCfg = Debug|Any CPU
		{23CA64F3-90CF-4750-B34D-4613B8A7C9B3}.Debug|x86.Build.0 = Debug|Any CPU
		{23CA64F3-90CF-4750-B34D-4613B8A7C9B3}.Release|Any CPU.ActiveCfg = Release|Any CPU
		{23CA64F3-90CF-4750-B34D-4613B8A7C9B3}.Release|Any CPU.Build.0 = Release|Any CPU
		{23CA64F3-90CF-4750-B34D-4613B8A7C9B3}.Release|ARM.ActiveCfg = Release|Any CPU
		{23CA64F3-90CF-4750-B34D-4613B8A7C9B3}.Release|ARM.Build.0 = Release|Any CPU
		{23CA64F3-90CF-4750-B34D-4613B8A7C9B3}.Release|ARM64.ActiveCfg = Release|Any CPU
		{23CA64F3-90CF-4750-B34D-4613B8A7C9B3}.Release|ARM64.Build.0 = Release|Any CPU
		{23CA64F3-90CF-4750-B34D-4613B8A7C9B3}.Release|x64.ActiveCfg = Release|Any CPU
		{23CA64F3-90CF-4750-B34D-4613B8A7C9B3}.Release|x64.Build.0 = Release|Any CPU
		{23CA64F3-90CF-4750-B34D-4613B8A7C9B3}.Release|x86.ActiveCfg = Release|Any CPU
		{23CA64F3-90CF-4750-B34D-4613B8A7C9B3}.Release|x86.Build.0 = Release|Any CPU
		{F147CC31-CB3D-419B-ADA5-B98517CD1098}.Debug|Any CPU.ActiveCfg = Debug|Any CPU
		{F147CC31-CB3D-419B-ADA5-B98517CD1098}.Debug|Any CPU.Build.0 = Debug|Any CPU
		{F147CC31-CB3D-419B-ADA5-B98517CD1098}.Debug|ARM.ActiveCfg = Debug|Any CPU
		{F147CC31-CB3D-419B-ADA5-B98517CD1098}.Debug|ARM.Build.0 = Debug|Any CPU
		{F147CC31-CB3D-419B-ADA5-B98517CD1098}.Debug|ARM64.ActiveCfg = Debug|Any CPU
		{F147CC31-CB3D-419B-ADA5-B98517CD1098}.Debug|ARM64.Build.0 = Debug|Any CPU
		{F147CC31-CB3D-419B-ADA5-B98517CD1098}.Debug|x64.ActiveCfg = Debug|Any CPU
		{F147CC31-CB3D-419B-ADA5-B98517CD1098}.Debug|x64.Build.0 = Debug|Any CPU
		{F147CC31-CB3D-419B-ADA5-B98517CD1098}.Debug|x86.ActiveCfg = Debug|Any CPU
		{F147CC31-CB3D-419B-ADA5-B98517CD1098}.Debug|x86.Build.0 = Debug|Any CPU
		{F147CC31-CB3D-419B-ADA5-B98517CD1098}.Release|Any CPU.ActiveCfg = Release|Any CPU
		{F147CC31-CB3D-419B-ADA5-B98517CD1098}.Release|Any CPU.Build.0 = Release|Any CPU
		{F147CC31-CB3D-419B-ADA5-B98517CD1098}.Release|ARM.ActiveCfg = Release|Any CPU
		{F147CC31-CB3D-419B-ADA5-B98517CD1098}.Release|ARM.Build.0 = Release|Any CPU
		{F147CC31-CB3D-419B-ADA5-B98517CD1098}.Release|ARM64.ActiveCfg = Release|Any CPU
		{F147CC31-CB3D-419B-ADA5-B98517CD1098}.Release|ARM64.Build.0 = Release|Any CPU
		{F147CC31-CB3D-419B-ADA5-B98517CD1098}.Release|x64.ActiveCfg = Release|Any CPU
		{F147CC31-CB3D-419B-ADA5-B98517CD1098}.Release|x64.Build.0 = Release|Any CPU
		{F147CC31-CB3D-419B-ADA5-B98517CD1098}.Release|x86.ActiveCfg = Release|Any CPU
		{F147CC31-CB3D-419B-ADA5-B98517CD1098}.Release|x86.Build.0 = Release|Any CPU
	EndGlobalSection
	GlobalSection(SolutionProperties) = preSolution
		HideSolutionNode = FALSE
	EndGlobalSection
	GlobalSection(ExtensibilityGlobals) = postSolution
		SolutionGuid = {F2833F25-5179-4A0F-8CAD-7084B6C75CC7}
	EndGlobalSection
EndGlobal
